// !$*UTF8*$!
{
	archiveVersion = 1;
	classes = {
	};
	objectVersion = 55;
	objects = {

/* Begin PBXBuildFile section */
		5524A4EE27C4B92000D21277 /* UIViewTableCell.swift in Sources */ = {isa = PBXBuildFile; fileRef = 5524A4ED27C4B92000D21277 /* UIViewTableCell.swift */; };
		5546C56A27D08FC1001894C6 /* SearchResultsViewController.swift in Sources */ = {isa = PBXBuildFile; fileRef = 5546C56927D08FC1001894C6 /* SearchResultsViewController.swift */; };
		554D765627CF7FE600740EDD /* MovieViewModel.swift in Sources */ = {isa = PBXBuildFile; fileRef = 554D765527CF7FE600740EDD /* MovieViewModel.swift */; };
		554D765827CF806700740EDD /* TopMoviesTableViewCell.swift in Sources */ = {isa = PBXBuildFile; fileRef = 554D765727CF806700740EDD /* TopMoviesTableViewCell.swift */; };
		5550AE8127D0D80500AB8854 /* YTSearchResponse.swift in Sources */ = {isa = PBXBuildFile; fileRef = 5550AE8027D0D80500AB8854 /* YTSearchResponse.swift */; };
		55590CC527C750EF00171612 /* Extensions.swift in Sources */ = {isa = PBXBuildFile; fileRef = 55590CC427C750EF00171612 /* Extensions.swift */; };
		55590CCD27C77B3600171612 /* MoviesCollectionViewCell.swift in Sources */ = {isa = PBXBuildFile; fileRef = 55590CCC27C77B3600171612 /* MoviesCollectionViewCell.swift */; };
		55590CD027C77EFB00171612 /* SDWebImage in Frameworks */ = {isa = PBXBuildFile; productRef = 55590CCF27C77EFB00171612 /* SDWebImage */; };
		55590CD227C77EFB00171612 /* SDWebImageMapKit in Frameworks */ = {isa = PBXBuildFile; productRef = 55590CD127C77EFB00171612 /* SDWebImageMapKit */; };
		5564D27827C4E6B3008C1383 /* HeaderUIView.swift in Sources */ = {isa = PBXBuildFile; fileRef = 5564D27727C4E6B3008C1383 /* HeaderUIView.swift */; };
		5581F52627CF49500035AC87 /* UpMoviesTableViewCell.swift in Sources */ = {isa = PBXBuildFile; fileRef = 5581F52527CF49500035AC87 /* UpMoviesTableViewCell.swift */; };
		55A81AB727C648760033166B /* APIService.swift in Sources */ = {isa = PBXBuildFile; fileRef = 55A81AB627C648760033166B /* APIService.swift */; };
		55A81AB927C64FCE0033166B /* MoviesCategoryTitle.swift in Sources */ = {isa = PBXBuildFile; fileRef = 55A81AB827C64FCE0033166B /* MoviesCategoryTitle.swift */; };
		55C23BA527C3776F0030A1E7 /* AppDelegate.swift in Sources */ = {isa = PBXBuildFile; fileRef = 55C23BA427C3776F0030A1E7 /* AppDelegate.swift */; };
		55C23BA727C3776F0030A1E7 /* SceneDelegate.swift in Sources */ = {isa = PBXBuildFile; fileRef = 55C23BA627C3776F0030A1E7 /* SceneDelegate.swift */; };
		55C23BA927C3776F0030A1E7 /* MainScreenViewController.swift in Sources */ = {isa = PBXBuildFile; fileRef = 55C23BA827C3776F0030A1E7 /* MainScreenViewController.swift */; };
		55C23BAE27C377710030A1E7 /* Assets.xcassets in Resources */ = {isa = PBXBuildFile; fileRef = 55C23BAD27C377710030A1E7 /* Assets.xcassets */; };
		55C23BB127C377710030A1E7 /* LaunchScreen.storyboard in Resources */ = {isa = PBXBuildFile; fileRef = 55C23BAF27C377710030A1E7 /* LaunchScreen.storyboard */; };
		55C23BCB27C389C10030A1E7 /* SearchViewController.swift in Sources */ = {isa = PBXBuildFile; fileRef = 55C23BCA27C389C10030A1E7 /* SearchViewController.swift */; };
		55C23BCE27C389E10030A1E7 /* DownloadViewController.swift in Sources */ = {isa = PBXBuildFile; fileRef = 55C23BCD27C389E10030A1E7 /* DownloadViewController.swift */; };
		55C23BD027C389ED0030A1E7 /* UpcomingViewController.swift in Sources */ = {isa = PBXBuildFile; fileRef = 55C23BCF27C389ED0030A1E7 /* UpcomingViewController.swift */; };
		55C23BD227C389FD0030A1E7 /* HomeViewController.swift in Sources */ = {isa = PBXBuildFile; fileRef = 55C23BD127C389FD0030A1E7 /* HomeViewController.swift */; };
		55E0436C27D1EA3F0046997E /* MoviePreviewViewController.swift in Sources */ = {isa = PBXBuildFile; fileRef = 55E0436B27D1EA3F0046997E /* MoviePreviewViewController.swift */; };
		55E0436E27D1FB2A0046997E /* MoviePreviewViewModel.swift in Sources */ = {isa = PBXBuildFile; fileRef = 55E0436D27D1FB2A0046997E /* MoviePreviewViewModel.swift */; };
/* End PBXBuildFile section */

/* Begin PBXFileReference section */
		5524A4ED27C4B92000D21277 /* UIViewTableCell.swift */ = {isa = PBXFileReference; lastKnownFileType = sourcecode.swift; path = UIViewTableCell.swift; sourceTree = "<group>"; };
		5546C56927D08FC1001894C6 /* SearchResultsViewController.swift */ = {isa = PBXFileReference; lastKnownFileType = sourcecode.swift; path = SearchResultsViewController.swift; sourceTree = "<group>"; };
		554D765527CF7FE600740EDD /* MovieViewModel.swift */ = {isa = PBXFileReference; lastKnownFileType = sourcecode.swift; path = MovieViewModel.swift; sourceTree = "<group>"; };
		554D765727CF806700740EDD /* TopMoviesTableViewCell.swift */ = {isa = PBXFileReference; lastKnownFileType = sourcecode.swift; path = TopMoviesTableViewCell.swift; sourceTree = "<group>"; };
		5550AE8027D0D80500AB8854 /* YTSearchResponse.swift */ = {isa = PBXFileReference; lastKnownFileType = sourcecode.swift; path = YTSearchResponse.swift; sourceTree = "<group>"; };
		55590CC427C750EF00171612 /* Extensions.swift */ = {isa = PBXFileReference; lastKnownFileType = sourcecode.swift; path = Extensions.swift; sourceTree = "<group>"; };
		55590CCC27C77B3600171612 /* MoviesCollectionViewCell.swift */ = {isa = PBXFileReference; lastKnownFileType = sourcecode.swift; path = MoviesCollectionViewCell.swift; sourceTree = "<group>"; };
		5564D27727C4E6B3008C1383 /* HeaderUIView.swift */ = {isa = PBXFileReference; lastKnownFileType = sourcecode.swift; path = HeaderUIView.swift; sourceTree = "<group>"; };
		5581F52527CF49500035AC87 /* UpMoviesTableViewCell.swift */ = {isa = PBXFileReference; lastKnownFileType = sourcecode.swift; path = UpMoviesTableViewCell.swift; sourceTree = "<group>"; };
		55A81AB627C648760033166B /* APIService.swift */ = {isa = PBXFileReference; lastKnownFileType = sourcecode.swift; path = APIService.swift; sourceTree = "<group>"; };
		55A81AB827C64FCE0033166B /* MoviesCategoryTitle.swift */ = {isa = PBXFileReference; lastKnownFileType = sourcecode.swift; path = MoviesCategoryTitle.swift; sourceTree = "<group>"; xcLanguageSpecificationIdentifier = xcode.lang.javascript; };
		55C23BA127C3776F0030A1E7 /* NetflixClone-Swift.app */ = {isa = PBXFileReference; explicitFileType = wrapper.application; includeInIndex = 0; path = "NetflixClone-Swift.app"; sourceTree = BUILT_PRODUCTS_DIR; };
		55C23BA427C3776F0030A1E7 /* AppDelegate.swift */ = {isa = PBXFileReference; lastKnownFileType = sourcecode.swift; path = AppDelegate.swift; sourceTree = "<group>"; };
		55C23BA627C3776F0030A1E7 /* SceneDelegate.swift */ = {isa = PBXFileReference; lastKnownFileType = sourcecode.swift; path = SceneDelegate.swift; sourceTree = "<group>"; };
		55C23BA827C3776F0030A1E7 /* MainScreenViewController.swift */ = {isa = PBXFileReference; lastKnownFileType = sourcecode.swift; path = MainScreenViewController.swift; sourceTree = "<group>"; };
		55C23BAD27C377710030A1E7 /* Assets.xcassets */ = {isa = PBXFileReference; lastKnownFileType = folder.assetcatalog; path = Assets.xcassets; sourceTree = "<group>"; };
		55C23BB027C377710030A1E7 /* Base */ = {isa = PBXFileReference; lastKnownFileType = file.storyboard; name = Base; path = Base.lproj/LaunchScreen.storyboard; sourceTree = "<group>"; };
		55C23BB227C377710030A1E7 /* Info.plist */ = {isa = PBXFileReference; lastKnownFileType = text.plist.xml; path = Info.plist; sourceTree = "<group>"; };
		55C23BCA27C389C10030A1E7 /* SearchViewController.swift */ = {isa = PBXFileReference; lastKnownFileType = sourcecode.swift; path = SearchViewController.swift; sourceTree = "<group>"; };
		55C23BCD27C389E10030A1E7 /* DownloadViewController.swift */ = {isa = PBXFileReference; lastKnownFileType = sourcecode.swift; path = DownloadViewController.swift; sourceTree = "<group>"; };
		55C23BCF27C389ED0030A1E7 /* UpcomingViewController.swift */ = {isa = PBXFileReference; lastKnownFileType = sourcecode.swift; path = UpcomingViewController.swift; sourceTree = "<group>"; };
		55C23BD127C389FD0030A1E7 /* HomeViewController.swift */ = {isa = PBXFileReference; lastKnownFileType = sourcecode.swift; path = HomeViewController.swift; sourceTree = "<group>"; };
		55E0436B27D1EA3F0046997E /* MoviePreviewViewController.swift */ = {isa = PBXFileReference; lastKnownFileType = sourcecode.swift; path = MoviePreviewViewController.swift; sourceTree = "<group>"; };
		55E0436D27D1FB2A0046997E /* MoviePreviewViewModel.swift */ = {isa = PBXFileReference; lastKnownFileType = sourcecode.swift; path = MoviePreviewViewModel.swift; sourceTree = "<group>"; };
/* End PBXFileReference section */

/* Begin PBXFrameworksBuildPhase section */
		55C23B9E27C3776F0030A1E7 /* Frameworks */ = {
			isa = PBXFrameworksBuildPhase;
			buildActionMask = 2147483647;
			files = (
				55590CD227C77EFB00171612 /* SDWebImageMapKit in Frameworks */,
				55590CD027C77EFB00171612 /* SDWebImage in Frameworks */,
			);
			runOnlyForDeploymentPostprocessing = 0;
		};
/* End PBXFrameworksBuildPhase section */

/* Begin PBXGroup section */
		5524A4E627C4B83100D21277 /* Views */ = {
			isa = PBXGroup;
			children = (
				5524A4ED27C4B92000D21277 /* UIViewTableCell.swift */,
				5564D27727C4E6B3008C1383 /* HeaderUIView.swift */,
				55590CCC27C77B3600171612 /* MoviesCollectionViewCell.swift */,
				5581F52527CF49500035AC87 /* UpMoviesTableViewCell.swift */,
				554D765727CF806700740EDD /* TopMoviesTableViewCell.swift */,
			);
			path = Views;
			sourceTree = "<group>";
		};
		5524A4E727C4B83A00D21277 /* ViewModels */ = {
			isa = PBXGroup;
			children = (
				554D765527CF7FE600740EDD /* MovieViewModel.swift */,
				55E0436D27D1FB2A0046997E /* MoviePreviewViewModel.swift */,
			);
			path = ViewModels;
			sourceTree = "<group>";
		};
		5524A4E827C4B84200D21277 /* Models */ = {
			isa = PBXGroup;
			children = (
				55A81AB827C64FCE0033166B /* MoviesCategoryTitle.swift */,
				5550AE8027D0D80500AB8854 /* YTSearchResponse.swift */,
			);
			path = Models;
			sourceTree = "<group>";
		};
		5524A4E927C4B8AF00D21277 /* Managers */ = {
			isa = PBXGroup;
			children = (
				55A81AB627C648760033166B /* APIService.swift */,
			);
			path = Managers;
			sourceTree = "<group>";
		};
		5524A4EA27C4B8C600D21277 /* Resources */ = {
			isa = PBXGroup;
			children = (
				55590CC427C750EF00171612 /* Extensions.swift */,
			);
			path = Resources;
			sourceTree = "<group>";
		};
		5546C56B27D090AF001894C6 /* customize */ = {
			isa = PBXGroup;
			children = (
				5546C56927D08FC1001894C6 /* SearchResultsViewController.swift */,
			);
			path = customize;
			sourceTree = "<group>";
		};
		5546C56C27D090E7001894C6 /* TabControllers */ = {
			isa = PBXGroup;
			children = (
				55C23BCA27C389C10030A1E7 /* SearchViewController.swift */,
				55C23BCD27C389E10030A1E7 /* DownloadViewController.swift */,
				55C23BCF27C389ED0030A1E7 /* UpcomingViewController.swift */,
				55C23BD127C389FD0030A1E7 /* HomeViewController.swift */,
				55E0436B27D1EA3F0046997E /* MoviePreviewViewController.swift */,
			);
			path = TabControllers;
			sourceTree = "<group>";
		};
		55C23B9827C3776F0030A1E7 = {
			isa = PBXGroup;
			children = (
				5524A4EA27C4B8C600D21277 /* Resources */,
				5524A4E927C4B8AF00D21277 /* Managers */,
				5524A4E827C4B84200D21277 /* Models */,
				5524A4E727C4B83A00D21277 /* ViewModels */,
				5524A4E627C4B83100D21277 /* Views */,
				55C23BC927C389AA0030A1E7 /* Controllers */,
				55C23BA327C3776F0030A1E7 /* NetflixClone-Swift */,
				55C23BA227C3776F0030A1E7 /* Products */,
			);
			sourceTree = "<group>";
		};
		55C23BA227C3776F0030A1E7 /* Products */ = {
			isa = PBXGroup;
			children = (
				55C23BA127C3776F0030A1E7 /* NetflixClone-Swift.app */,
			);
			name = Products;
			sourceTree = "<group>";
		};
		55C23BA327C3776F0030A1E7 /* NetflixClone-Swift */ = {
			isa = PBXGroup;
			children = (
				55C23BA427C3776F0030A1E7 /* AppDelegate.swift */,
				55C23BA627C3776F0030A1E7 /* SceneDelegate.swift */,
				55C23BA827C3776F0030A1E7 /* MainScreenViewController.swift */,
				55C23BAD27C377710030A1E7 /* Assets.xcassets */,
				55C23BAF27C377710030A1E7 /* LaunchScreen.storyboard */,
				55C23BB227C377710030A1E7 /* Info.plist */,
			);
			path = "NetflixClone-Swift";
			sourceTree = "<group>";
		};
		55C23BC927C389AA0030A1E7 /* Controllers */ = {
			isa = PBXGroup;
			children = (
				5546C56C27D090E7001894C6 /* TabControllers */,
				5546C56B27D090AF001894C6 /* customize */,
			);
			path = Controllers;
			sourceTree = "<group>";
		};
/* End PBXGroup section */

/* Begin PBXNativeTarget section */
		55C23BA027C3776F0030A1E7 /* NetflixClone-Swift */ = {
			isa = PBXNativeTarget;
			buildConfigurationList = 55C23BB527C377710030A1E7 /* Build configuration list for PBXNativeTarget "NetflixClone-Swift" */;
			buildPhases = (
				55C23B9D27C3776F0030A1E7 /* Sources */,
				55C23B9E27C3776F0030A1E7 /* Frameworks */,
				55C23B9F27C3776F0030A1E7 /* Resources */,
			);
			buildRules = (
			);
			dependencies = (
			);
			name = "NetflixClone-Swift";
			packageProductDependencies = (
				55590CCF27C77EFB00171612 /* SDWebImage */,
				55590CD127C77EFB00171612 /* SDWebImageMapKit */,
			);
			productName = "NetflixClone-Swift";
			productReference = 55C23BA127C3776F0030A1E7 /* NetflixClone-Swift.app */;
			productType = "com.apple.product-type.application";
		};
/* End PBXNativeTarget section */

/* Begin PBXProject section */
		55C23B9927C3776F0030A1E7 /* Project object */ = {
			isa = PBXProject;
			attributes = {
				BuildIndependentTargetsInParallel = 1;
				LastSwiftUpdateCheck = 1320;
				LastUpgradeCheck = 1320;
				TargetAttributes = {
					55C23BA027C3776F0030A1E7 = {
						CreatedOnToolsVersion = 13.2.1;
					};
				};
			};
			buildConfigurationList = 55C23B9C27C3776F0030A1E7 /* Build configuration list for PBXProject "NetflixClone-Swift" */;
			compatibilityVersion = "Xcode 13.0";
			developmentRegion = en;
			hasScannedForEncodings = 0;
			knownRegions = (
				en,
				Base,
			);
			mainGroup = 55C23B9827C3776F0030A1E7;
			packageReferences = (
				55590CCE27C77EFB00171612 /* XCRemoteSwiftPackageReference "SDWebImage" */,
			);
			productRefGroup = 55C23BA227C3776F0030A1E7 /* Products */;
			projectDirPath = "";
			projectRoot = "";
			targets = (
				55C23BA027C3776F0030A1E7 /* NetflixClone-Swift */,
			);
		};
/* End PBXProject section */

/* Begin PBXResourcesBuildPhase section */
		55C23B9F27C3776F0030A1E7 /* Resources */ = {
			isa = PBXResourcesBuildPhase;
			buildActionMask = 2147483647;
			files = (
				55C23BB127C377710030A1E7 /* LaunchScreen.storyboard in Resources */,
				55C23BAE27C377710030A1E7 /* Assets.xcassets in Resources */,
			);
			runOnlyForDeploymentPostprocessing = 0;
		};
/* End PBXResourcesBuildPhase section */

/* Begin PBXSourcesBuildPhase section */
		55C23B9D27C3776F0030A1E7 /* Sources */ = {
			isa = PBXSourcesBuildPhase;
			buildActionMask = 2147483647;
			files = (
				55A81AB927C64FCE0033166B /* MoviesCategoryTitle.swift in Sources */,
				55E0436E27D1FB2A0046997E /* MoviePreviewViewModel.swift in Sources */,
				5581F52627CF49500035AC87 /* UpMoviesTableViewCell.swift in Sources */,
				5550AE8127D0D80500AB8854 /* YTSearchResponse.swift in Sources */,
				55C23BD027C389ED0030A1E7 /* UpcomingViewController.swift in Sources */,
				55E0436C27D1EA3F0046997E /* MoviePreviewViewController.swift in Sources */,
				55590CCD27C77B3600171612 /* MoviesCollectionViewCell.swift in Sources */,
				5524A4EE27C4B92000D21277 /* UIViewTableCell.swift in Sources */,
				55C23BA927C3776F0030A1E7 /* MainScreenViewController.swift in Sources */,
				5564D27827C4E6B3008C1383 /* HeaderUIView.swift in Sources */,
				5546C56A27D08FC1001894C6 /* SearchResultsViewController.swift in Sources */,
				55C23BA527C3776F0030A1E7 /* AppDelegate.swift in Sources */,
				554D765627CF7FE600740EDD /* MovieViewModel.swift in Sources */,
				55C23BCB27C389C10030A1E7 /* SearchViewController.swift in Sources */,
				55590CC527C750EF00171612 /* Extensions.swift in Sources */,
				55C23BCE27C389E10030A1E7 /* DownloadViewController.swift in Sources */,
				55C23BD227C389FD0030A1E7 /* HomeViewController.swift in Sources */,
				55A81AB727C648760033166B /* APIService.swift in Sources */,
				55C23BA727C3776F0030A1E7 /* SceneDelegate.swift in Sources */,
				554D765827CF806700740EDD /* TopMoviesTableViewCell.swift in Sources */,
			);
			runOnlyForDeploymentPostprocessing = 0;
		};
/* End PBXSourcesBuildPhase section */

/* Begin PBXVariantGroup section */
		55C23BAF27C377710030A1E7 /* LaunchScreen.storyboard */ = {
			isa = PBXVariantGroup;
			children = (
				55C23BB027C377710030A1E7 /* Base */,
			);
			name = LaunchScreen.storyboard;
			sourceTree = "<group>";
		};
/* End PBXVariantGroup section */

/* Begin XCBuildConfiguration section */
		55C23BB327C377710030A1E7 /* Debug */ = {
			isa = XCBuildConfiguration;
			buildSettings = {
				ALWAYS_SEARCH_USER_PATHS = NO;
				CLANG_ANALYZER_NONNULL = YES;
				CLANG_ANALYZER_NUMBER_OBJECT_CONVERSION = YES_AGGRESSIVE;
				CLANG_CXX_LANGUAGE_STANDARD = "gnu++17";
				CLANG_CXX_LIBRARY = "libc++";
				CLANG_ENABLE_MODULES = YES;
				CLANG_ENABLE_OBJC_ARC = YES;
				CLANG_ENABLE_OBJC_WEAK = YES;
				CLANG_WARN_BLOCK_CAPTURE_AUTORELEASING = YES;
				CLANG_WARN_BOOL_CONVERSION = YES;
				CLANG_WARN_COMMA = YES;
				CLANG_WARN_CONSTANT_CONVERSION = YES;
				CLANG_WARN_DEPRECATED_OBJC_IMPLEMENTATIONS = YES;
				CLANG_WARN_DIRECT_OBJC_ISA_USAGE = YES_ERROR;
				CLANG_WARN_DOCUMENTATION_COMMENTS = YES;
				CLANG_WARN_EMPTY_BODY = YES;
				CLANG_WARN_ENUM_CONVERSION = YES;
				CLANG_WARN_INFINITE_RECURSION = YES;
				CLANG_WARN_INT_CONVERSION = YES;
				CLANG_WARN_NON_LITERAL_NULL_CONVERSION = YES;
				CLANG_WARN_OBJC_IMPLICIT_RETAIN_SELF = YES;
				CLANG_WARN_OBJC_LITERAL_CONVERSION = YES;
				CLANG_WARN_OBJC_ROOT_CLASS = YES_ERROR;
				CLANG_WARN_QUOTED_INCLUDE_IN_FRAMEWORK_HEADER = YES;
				CLANG_WARN_RANGE_LOOP_ANALYSIS = YES;
				CLANG_WARN_STRICT_PROTOTYPES = YES;
				CLANG_WARN_SUSPICIOUS_MOVE = YES;
				CLANG_WARN_UNGUARDED_AVAILABILITY = YES_AGGRESSIVE;
				CLANG_WARN_UNREACHABLE_CODE = YES;
				CLANG_WARN__DUPLICATE_METHOD_MATCH = YES;
				COPY_PHASE_STRIP = NO;
				DEBUG_INFORMATION_FORMAT = dwarf;
				ENABLE_STRICT_OBJC_MSGSEND = YES;
				ENABLE_TESTABILITY = YES;
				GCC_C_LANGUAGE_STANDARD = gnu11;
				GCC_DYNAMIC_NO_PIC = NO;
				GCC_NO_COMMON_BLOCKS = YES;
				GCC_OPTIMIZATION_LEVEL = 0;
				GCC_PREPROCESSOR_DEFINITIONS = (
					"DEBUG=1",
					"$(inherited)",
				);
				GCC_WARN_64_TO_32_BIT_CONVERSION = YES;
				GCC_WARN_ABOUT_RETURN_TYPE = YES_ERROR;
				GCC_WARN_UNDECLARED_SELECTOR = YES;
				GCC_WARN_UNINITIALIZED_AUTOS = YES_AGGRESSIVE;
				GCC_WARN_UNUSED_FUNCTION = YES;
				GCC_WARN_UNUSED_VARIABLE = YES;
				IPHONEOS_DEPLOYMENT_TARGET = 15.2;
				MTL_ENABLE_DEBUG_INFO = INCLUDE_SOURCE;
				MTL_FAST_MATH = YES;
				ONLY_ACTIVE_ARCH = YES;
				SDKROOT = iphoneos;
				SWIFT_ACTIVE_COMPILATION_CONDITIONS = DEBUG;
				SWIFT_OPTIMIZATION_LEVEL = "-Onone";
			};
			name = Debug;
		};
		55C23BB427C377710030A1E7 /* Release */ = {
			isa = XCBuildConfiguration;
			buildSettings = {
				ALWAYS_SEARCH_USER_PATHS = NO;
				CLANG_ANALYZER_NONNULL = YES;
				CLANG_ANALYZER_NUMBER_OBJECT_CONVERSION = YES_AGGRESSIVE;
				CLANG_CXX_LANGUAGE_STANDARD = "gnu++17";
				CLANG_CXX_LIBRARY = "libc++";
				CLANG_ENABLE_MODULES = YES;
				CLANG_ENABLE_OBJC_ARC = YES;
				CLANG_ENABLE_OBJC_WEAK = YES;
				CLANG_WARN_BLOCK_CAPTURE_AUTORELEASING = YES;
				CLANG_WARN_BOOL_CONVERSION = YES;
				CLANG_WARN_COMMA = YES;
				CLANG_WARN_CONSTANT_CONVERSION = YES;
				CLANG_WARN_DEPRECATED_OBJC_IMPLEMENTATIONS = YES;
				CLANG_WARN_DIRECT_OBJC_ISA_USAGE = YES_ERROR;
				CLANG_WARN_DOCUMENTATION_COMMENTS = YES;
				CLANG_WARN_EMPTY_BODY = YES;
				CLANG_WARN_ENUM_CONVERSION = YES;
				CLANG_WARN_INFINITE_RECURSION = YES;
				CLANG_WARN_INT_CONVERSION = YES;
				CLANG_WARN_NON_LITERAL_NULL_CONVERSION = YES;
				CLANG_WARN_OBJC_IMPLICIT_RETAIN_SELF = YES;
				CLANG_WARN_OBJC_LITERAL_CONVERSION = YES;
				CLANG_WARN_OBJC_ROOT_CLASS = YES_ERROR;
				CLANG_WARN_QUOTED_INCLUDE_IN_FRAMEWORK_HEADER = YES;
				CLANG_WARN_RANGE_LOOP_ANALYSIS = YES;
				CLANG_WARN_STRICT_PROTOTYPES = YES;
				CLANG_WARN_SUSPICIOUS_MOVE = YES;
				CLANG_WARN_UNGUARDED_AVAILABILITY = YES_AGGRESSIVE;
				CLANG_WARN_UNREACHABLE_CODE = YES;
				CLANG_WARN__DUPLICATE_METHOD_MATCH = YES;
				COPY_PHASE_STRIP = NO;
				DEBUG_INFORMATION_FORMAT = "dwarf-with-dsym";
				ENABLE_NS_ASSERTIONS = NO;
				ENABLE_STRICT_OBJC_MSGSEND = YES;
				GCC_C_LANGUAGE_STANDARD = gnu11;
				GCC_NO_COMMON_BLOCKS = YES;
				GCC_WARN_64_TO_32_BIT_CONVERSION = YES;
				GCC_WARN_ABOUT_RETURN_TYPE = YES_ERROR;
				GCC_WARN_UNDECLARED_SELECTOR = YES;
				GCC_WARN_UNINITIALIZED_AUTOS = YES_AGGRESSIVE;
				GCC_WARN_UNUSED_FUNCTION = YES;
				GCC_WARN_UNUSED_VARIABLE = YES;
				IPHONEOS_DEPLOYMENT_TARGET = 15.2;
				MTL_ENABLE_DEBUG_INFO = NO;
				MTL_FAST_MATH = YES;
				SDKROOT = iphoneos;
				SWIFT_COMPILATION_MODE = wholemodule;
				SWIFT_OPTIMIZATION_LEVEL = "-O";
				VALIDATE_PRODUCT = YES;
			};
			name = Release;
		};
		55C23BB627C377710030A1E7 /* Debug */ = {
			isa = XCBuildConfiguration;
			buildSettings = {
				ASSETCATALOG_COMPILER_APPICON_NAME = AppIcon;
				ASSETCATALOG_COMPILER_GLOBAL_ACCENT_COLOR_NAME = AccentColor;
				CODE_SIGN_STYLE = Automatic;
				CURRENT_PROJECT_VERSION = 1;
				DEVELOPMENT_TEAM = 33ZGL3A862;
				GENERATE_INFOPLIST_FILE = YES;
				INFOPLIST_FILE = "NetflixClone-Swift/Info.plist";
				INFOPLIST_KEY_UIApplicationSupportsIndirectInputEvents = YES;
				INFOPLIST_KEY_UILaunchStoryboardName = LaunchScreen;
				INFOPLIST_KEY_UISupportedInterfaceOrientations_iPad = "UIInterfaceOrientationPortrait UIInterfaceOrientationPortraitUpsideDown UIInterfaceOrientationLandscapeLeft UIInterfaceOrientationLandscapeRight";
				INFOPLIST_KEY_UISupportedInterfaceOrientations_iPhone = "UIInterfaceOrientationPortrait UIInterfaceOrientationLandscapeLeft UIInterfaceOrientationLandscapeRight";
				LD_RUNPATH_SEARCH_PATHS = (
					"$(inherited)",
					"@executable_path/Frameworks",
				);
				MARKETING_VERSION = 1.0;
				PRODUCT_BUNDLE_IDENTIFIER = "com.perennialsys.NetflixClone-Swift";
				PRODUCT_NAME = "$(TARGET_NAME)";
				SWIFT_EMIT_LOC_STRINGS = YES;
				SWIFT_VERSION = 5.0;
				TARGETED_DEVICE_FAMILY = "1,2";
			};
			name = Debug;
		};
		55C23BB727C377710030A1E7 /* Release */ = {
			isa = XCBuildConfiguration;
			buildSettings = {
				ASSETCATALOG_COMPILER_APPICON_NAME = AppIcon;
				ASSETCATALOG_COMPILER_GLOBAL_ACCENT_COLOR_NAME = AccentColor;
				CODE_SIGN_STYLE = Automatic;
				CURRENT_PROJECT_VERSION = 1;
				DEVELOPMENT_TEAM = 33ZGL3A862;
				GENERATE_INFOPLIST_FILE = YES;
				INFOPLIST_FILE = "NetflixClone-Swift/Info.plist";
				INFOPLIST_KEY_UIApplicationSupportsIndirectInputEvents = YES;
				INFOPLIST_KEY_UILaunchStoryboardName = LaunchScreen;
				INFOPLIST_KEY_UISupportedInterfaceOrientations_iPad = "UIInterfaceOrientationPortrait UIInterfaceOrientationPortraitUpsideDown UIInterfaceOrientationLandscapeLeft UIInterfaceOrientationLandscapeRight";
				INFOPLIST_KEY_UISupportedInterfaceOrientations_iPhone = "UIInterfaceOrientationPortrait UIInterfaceOrientationLandscapeLeft UIInterfaceOrientationLandscapeRight";
				LD_RUNPATH_SEARCH_PATHS = (
					"$(inherited)",
					"@executable_path/Frameworks",
				);
				MARKETING_VERSION = 1.0;
				PRODUCT_BUNDLE_IDENTIFIER = "com.perennialsys.NetflixClone-Swift";
				PRODUCT_NAME = "$(TARGET_NAME)";
				SWIFT_EMIT_LOC_STRINGS = YES;
				SWIFT_VERSION = 5.0;
				TARGETED_DEVICE_FAMILY = "1,2";
			};
			name = Release;
		};
/* End XCBuildConfiguration section */

/* Begin XCConfigurationList section */
		55C23B9C27C3776F0030A1E7 /* Build configuration list for PBXProject "NetflixClone-Swift" */ = {
			isa = XCConfigurationList;
			buildConfigurations = (
				55C23BB327C377710030A1E7 /* Debug */,
				55C23BB427C377710030A1E7 /* Release */,
			);
			defaultConfigurationIsVisible = 0;
			defaultConfigurationName = Release;
		};
		55C23BB527C377710030A1E7 /* Build configuration list for PBXNativeTarget "NetflixClone-Swift" */ = {
			isa = XCConfigurationList;
			buildConfigurations = (
				55C23BB627C377710030A1E7 /* Debug */,
				55C23BB727C377710030A1E7 /* Release */,
			);
			defaultConfigurationIsVisible = 0;
			defaultConfigurationName = Release;
		};
/* End XCConfigurationList section */

/* Begin XCRemoteSwiftPackageReference section */
		55590CCE27C77EFB00171612 /* XCRemoteSwiftPackageReference "SDWebImage" */ = {
			isa = XCRemoteSwiftPackageReference;
			repositoryURL = "https://github.com/SDWebImage/SDWebImage.git";
			requirement = {
				kind = upToNextMajorVersion;
				minimumVersion = 5.0.0;
			};
		};
/* End XCRemoteSwiftPackageReference section */

/* Begin XCSwiftPackageProductDependency section */
		55590CCF27C77EFB00171612 /* SDWebImage */ = {
			isa = XCSwiftPackageProductDependency;
			package = 55590CCE27C77EFB00171612 /* XCRemoteSwiftPackageReference "SDWebImage" */;
			productName = SDWebImage;
		};
		55590CD127C77EFB00171612 /* SDWebImageMapKit */ = {
			isa = XCSwiftPackageProductDependency;
			package = 55590CCE27C77EFB00171612 /* XCRemoteSwiftPackageReference "SDWebImage" */;
			productName = SDWebImageMapKit;
		};
/* End XCSwiftPackageProductDependency section */
	};
	rootObject = 55C23B9927C3776F0030A1E7 /* Project object */;
}
